// !$*UTF8*$!
{
	archiveVersion = 1;
	classes = {
	};
	objectVersion = 50;
	objects = {

/* Begin PBXBuildFile section */
		67F5EAFE24CB9744004AC740 /* main.swift in Sources */ = {isa = PBXBuildFile; fileRef = 67F5EAFD24CB9744004AC740 /* main.swift */; };
		67F5EB0524CB976E004AC740 /* PokemonGuess.swift in Sources */ = {isa = PBXBuildFile; fileRef = 67F5EB0424CB976E004AC740 /* PokemonGuess.swift */; };
		67F5EB0724CB9885004AC740 /* PrintUtils.swift in Sources */ = {isa = PBXBuildFile; fileRef = 67F5EB0624CB9885004AC740 /* PrintUtils.swift */; };
		67F5EB0A24CB995F004AC740 /* Pokemon.swift in Sources */ = {isa = PBXBuildFile; fileRef = 67F5EB0924CB995F004AC740 /* Pokemon.swift */; };
		67F5EB0C24CB997A004AC740 /* PokemonSpecie.swift in Sources */ = {isa = PBXBuildFile; fileRef = 67F5EB0B24CB997A004AC740 /* PokemonSpecie.swift */; };
/* End PBXBuildFile section */

/* Begin PBXCopyFilesBuildPhase section */
		67F5EAF824CB9744004AC740 /* CopyFiles */ = {
			isa = PBXCopyFilesBuildPhase;
			buildActionMask = 2147483647;
			dstPath = /usr/share/man/man1/;
			dstSubfolderSpec = 0;
			files = (
			);
			runOnlyForDeploymentPostprocessing = 1;
		};
/* End PBXCopyFilesBuildPhase section */

/* Begin PBXFileReference section */
		67F5EAFA24CB9744004AC740 /* PokemonGuess */ = {isa = PBXFileReference; explicitFileType = "compiled.mach-o.executable"; includeInIndex = 0; path = PokemonGuess; sourceTree = BUILT_PRODUCTS_DIR; };
		67F5EAFD24CB9744004AC740 /* main.swift */ = {isa = PBXFileReference; lastKnownFileType = sourcecode.swift; path = main.swift; sourceTree = "<group>"; };
		67F5EB0424CB976E004AC740 /* PokemonGuess.swift */ = {isa = PBXFileReference; lastKnownFileType = sourcecode.swift; path = PokemonGuess.swift; sourceTree = "<group>"; };
		67F5EB0624CB9885004AC740 /* PrintUtils.swift */ = {isa = PBXFileReference; lastKnownFileType = sourcecode.swift; path = PrintUtils.swift; sourceTree = "<group>"; };
		67F5EB0924CB995F004AC740 /* Pokemon.swift */ = {isa = PBXFileReference; lastKnownFileType = sourcecode.swift; path = Pokemon.swift; sourceTree = "<group>"; };
		67F5EB0B24CB997A004AC740 /* PokemonSpecie.swift */ = {isa = PBXFileReference; lastKnownFileType = sourcecode.swift; path = PokemonSpecie.swift; sourceTree = "<group>"; };
/* End PBXFileReference section */

/* Begin PBXFrameworksBuildPhase section */
		67F5EAF724CB9744004AC740 /* Frameworks */ = {
			isa = PBXFrameworksBuildPhase;
			buildActionMask = 2147483647;
			files = (
			);
			runOnlyForDeploymentPostprocessing = 0;
		};
/* End PBXFrameworksBuildPhase section */

/* Begin PBXGroup section */
		67F5EAF124CB9744004AC740 = {
			isa = PBXGroup;
			children = (
				67F5EAFC24CB9744004AC740 /* PokemonGuess */,
				67F5EAFB24CB9744004AC740 /* Products */,
			);
			sourceTree = "<group>";
		};
		67F5EAFB24CB9744004AC740 /* Products */ = {
			isa = PBXGroup;
			children = (
				67F5EAFA24CB9744004AC740 /* PokemonGuess */,
			);
			name = Products;
			sourceTree = "<group>";
		};
		67F5EAFC24CB9744004AC740 /* PokemonGuess */ = {
			isa = PBXGroup;
			children = (
				67F5EB0824CB9924004AC740 /* PokemonApi */,
				67F5EB0424CB976E004AC740 /* PokemonGuess.swift */,
				67F5EAFD24CB9744004AC740 /* main.swift */,
				67F5EB0624CB9885004AC740 /* PrintUtils.swift */,
			);
			path = PokemonGuess;
			sourceTree = "<group>";
		};
		67F5EB0824CB9924004AC740 /* PokemonApi */ = {
			isa = PBXGroup;
			children = (
				67F5EB0924CB995F004AC740 /* Pokemon.swift */,
				67F5EB0B24CB997A004AC740 /* PokemonSpecie.swift */,
			);
			path = PokemonApi;
			sourceTree = "<group>";
		};
/* End PBXGroup section */

/* Begin PBXNativeTarget section */
		67F5EAF924CB9744004AC740 /* PokemonGuess */ = {
			isa = PBXNativeTarget;
			buildConfigurationList = 67F5EB0124CB9744004AC740 /* Build configuration list for PBXNativeTarget "PokemonGuess" */;
			buildPhases = (
				67F5EAF624CB9744004AC740 /* Sources */,
				67F5EAF724CB9744004AC740 /* Frameworks */,
				67F5EAF824CB9744004AC740 /* CopyFiles */,
			);
			buildRules = (
			);
			dependencies = (
			);
			name = PokemonGuess;
			productName = PokemonGuess;
			productReference = 67F5EAFA24CB9744004AC740 /* PokemonGuess */;
			productType = "com.apple.product-type.tool";
		};
/* End PBXNativeTarget section */

/* Begin PBXProject section */
		67F5EAF224CB9744004AC740 /* Project object */ = {
			isa = PBXProject;
			attributes = {
				LastSwiftUpdateCheck = 1160;
				LastUpgradeCheck = 1160;
				ORGANIZATIONNAME = Maetschl;
				TargetAttributes = {
					67F5EAF924CB9744004AC740 = {
						CreatedOnToolsVersion = 11.6;
					};
				};
			};
			buildConfigurationList = 67F5EAF524CB9744004AC740 /* Build configuration list for PBXProject "PokemonGuess" */;
			compatibilityVersion = "Xcode 9.3";
			developmentRegion = en;
			hasScannedForEncodings = 0;
			knownRegions = (
				en,
				Base,
			);
			mainGroup = 67F5EAF124CB9744004AC740;
			productRefGroup = 67F5EAFB24CB9744004AC740 /* Products */;
			projectDirPath = "";
			projectRoot = "";
			targets = (
				67F5EAF924CB9744004AC740 /* PokemonGuess */,
			);
		};
/* End PBXProject section */

/* Begin PBXSourcesBuildPhase section */
		67F5EAF624CB9744004AC740 /* Sources */ = {
			isa = PBXSourcesBuildPhase;
			buildActionMask = 2147483647;
			files = (
				67F5EB0724CB9885004AC740 /* PrintUtils.swift in Sources */,
				67F5EB0C24CB997A004AC740 /* PokemonSpecie.swift in Sources */,
				67F5EB0A24CB995F004AC740 /* Pokemon.swift in Sources */,
				67F5EAFE24CB9744004AC740 /* main.swift in Sources */,
				67F5EB0524CB976E004AC740 /* PokemonGuess.swift in Sources */,
			);
			runOnlyForDeploymentPostprocessing = 0;
		};
/* End PBXSourcesBuildPhase section */

/* Begin XCBuildConfiguration section */
		67F5EAFF24CB9744004AC740 /* Debug */ = {
			isa = XCBuildConfiguration;
			buildSettings = {
				ALWAYS_SEARCH_USER_PATHS = NO;
				CLANG_ANALYZER_NONNULL = YES;
				CLANG_ANALYZER_NUMBER_OBJECT_CONVERSION = YES_AGGRESSIVE;
				CLANG_CXX_LANGUAGE_STANDARD = "gnu++14";
				CLANG_CXX_LIBRARY = "libc++";
				CLANG_ENABLE_MODULES = YES;
				CLANG_ENABLE_OBJC_ARC = YES;
				CLANG_ENABLE_OBJC_WEAK = YES;
				CLANG_WARN_BLOCK_CAPTURE_AUTORELEASING = YES;
				CLANG_WARN_BOOL_CONVERSION = YES;
				CLANG_WARN_COMMA = YES;
				CLANG_WARN_CONSTANT_CONVERSION = YES;
				CLANG_WARN_DEPRECATED_OBJC_IMPLEMENTATIONS = YES;
				CLANG_WARN_DIRECT_OBJC_ISA_USAGE = YES_ERROR;
				CLANG_WARN_DOCUMENTATION_COMMENTS = YES;
				CLANG_WARN_EMPTY_BODY = YES;
				CLANG_WARN_ENUM_CONVERSION = YES;
				CLANG_WARN_INFINITE_RECURSION = YES;
				CLANG_WARN_INT_CONVERSION = YES;
				CLANG_WARN_NON_LITERAL_NULL_CONVERSION = YES;
				CLANG_WARN_OBJC_IMPLICIT_RETAIN_SELF = YES;
				CLANG_WARN_OBJC_LITERAL_CONVERSION = YES;
				CLANG_WARN_OBJC_ROOT_CLASS = YES_ERROR;
				CLANG_WARN_RANGE_LOOP_ANALYSIS = YES;
				CLANG_WARN_STRICT_PROTOTYPES = YES;
				CLANG_WARN_SUSPICIOUS_MOVE = YES;
				CLANG_WARN_UNGUARDED_AVAILABILITY = YES_AGGRESSIVE;
				CLANG_WARN_UNREACHABLE_CODE = YES;
				CLANG_WARN__DUPLICATE_METHOD_MATCH = YES;
				COPY_PHASE_STRIP = NO;
				DEBUG_INFORMATION_FORMAT = dwarf;
				ENABLE_STRICT_OBJC_MSGSEND = YES;
				ENABLE_TESTABILITY = YES;
				GCC_C_LANGUAGE_STANDARD = gnu11;
				GCC_DYNAMIC_NO_PIC = NO;
				GCC_NO_COMMON_BLOCKS = YES;
				GCC_OPTIMIZATION_LEVEL = 0;
				GCC_PREPROCESSOR_DEFINITIONS = (
					"DEBUG=1",
					"$(inherited)",
				);
				GCC_WARN_64_TO_32_BIT_CONVERSION = YES;
				GCC_WARN_ABOUT_RETURN_TYPE = YES_ERROR;
				GCC_WARN_UNDECLARED_SELECTOR = YES;
				GCC_WARN_UNINITIALIZED_AUTOS = YES_AGGRESSIVE;
				GCC_WARN_UNUSED_FUNCTION = YES;
				GCC_WARN_UNUSED_VARIABLE = YES;
				MACOSX_DEPLOYMENT_TARGET = 10.15;
				MTL_ENABLE_DEBUG_INFO = INCLUDE_SOURCE;
				MTL_FAST_MATH = YES;
				ONLY_ACTIVE_ARCH = YES;
				SDKROOT = macosx;
				SWIFT_ACTIVE_COMPILATION_CONDITIONS = DEBUG;
				SWIFT_OPTIMIZATION_LEVEL = "-Onone";
			};
			name = Debug;
		};
		67F5EB0024CB9744004AC740 /* Release */ = {
			isa = XCBuildConfiguration;
			buildSettings = {
				ALWAYS_SEARCH_USER_PATHS = NO;
				CLANG_ANALYZER_NONNULL = YES;
				CLANG_ANALYZER_NUMBER_OBJECT_CONVERSION = YES_AGGRESSIVE;
				CLANG_CXX_LANGUAGE_STANDARD = "gnu++14";
				CLANG_CXX_LIBRARY = "libc++";
				CLANG_ENABLE_MODULES = YES;
				CLANG_ENABLE_OBJC_ARC = YES;
				CLANG_ENABLE_OBJC_WEAK = YES;
				CLANG_WARN_BLOCK_CAPTURE_AUTORELEASING = YES;
				CLANG_WARN_BOOL_CONVERSION = YES;
				CLANG_WARN_COMMA = YES;
				CLANG_WARN_CONSTANT_CONVERSION = YES;
				CLANG_WARN_DEPRECATED_OBJC_IMPLEMENTATIONS = YES;
				CLANG_WARN_DIRECT_OBJC_ISA_USAGE = YES_ERROR;
				CLANG_WARN_DOCUMENTATION_COMMENTS = YES;
				CLANG_WARN_EMPTY_BODY = YES;
				CLANG_WARN_ENUM_CONVERSION = YES;
				CLANG_WARN_INFINITE_RECURSION = YES;
				CLANG_WARN_INT_CONVERSION = YES;
				CLANG_WARN_NON_LITERAL_NULL_CONVERSION = YES;
				CLANG_WARN_OBJC_IMPLICIT_RETAIN_SELF = YES;
				CLANG_WARN_OBJC_LITERAL_CONVERSION = YES;
				CLANG_WARN_OBJC_ROOT_CLASS = YES_ERROR;
				CLANG_WARN_RANGE_LOOP_ANALYSIS = YES;
				CLANG_WARN_STRICT_PROTOTYPES = YES;
				CLANG_WARN_SUSPICIOUS_MOVE = YES;
				CLANG_WARN_UNGUARDED_AVAILABILITY = YES_AGGRESSIVE;
				CLANG_WARN_UNREACHABLE_CODE = YES;
				CLANG_WARN__DUPLICATE_METHOD_MATCH = YES;
				COPY_PHASE_STRIP = NO;
				DEBUG_INFORMATION_FORMAT = "dwarf-with-dsym";
				ENABLE_NS_ASSERTIONS = NO;
				ENABLE_STRICT_OBJC_MSGSEND = YES;
				GCC_C_LANGUAGE_STANDARD = gnu11;
				GCC_NO_COMMON_BLOCKS = YES;
				GCC_WARN_64_TO_32_BIT_CONVERSION = YES;
				GCC_WARN_ABOUT_RETURN_TYPE = YES_ERROR;
				GCC_WARN_UNDECLARED_SELECTOR = YES;
				GCC_WARN_UNINITIALIZED_AUTOS = YES_AGGRESSIVE;
				GCC_WARN_UNUSED_FUNCTION = YES;
				GCC_WARN_UNUSED_VARIABLE = YES;
				MACOSX_DEPLOYMENT_TARGET = 10.15;
				MTL_ENABLE_DEBUG_INFO = NO;
				MTL_FAST_MATH = YES;
				SDKROOT = macosx;
				SWIFT_COMPILATION_MODE = wholemodule;
				SWIFT_OPTIMIZATION_LEVEL = "-O";
			};
			name = Release;
		};
		67F5EB0224CB9744004AC740 /* Debug */ = {
			isa = XCBuildConfiguration;
			buildSettings = {
				CODE_SIGN_STYLE = Automatic;
				DEVELOPMENT_TEAM = HKD2VCZ3TM;
				ENABLE_HARDENED_RUNTIME = YES;
				PRODUCT_NAME = "$(TARGET_NAME)";
				SWIFT_VERSION = 5.0;
			};
			name = Debug;
		};
		67F5EB0324CB9744004AC740 /* Release */ = {
			isa = XCBuildConfiguration;
			buildSettings = {
				CODE_SIGN_STYLE = Automatic;
				DEVELOPMENT_TEAM = HKD2VCZ3TM;
				ENABLE_HARDENED_RUNTIME = YES;
				PRODUCT_NAME = "$(TARGET_NAME)";
				SWIFT_VERSION = 5.0;
			};
			name = Release;
		};
/* End XCBuildConfiguration section */

/* Begin XCConfigurationList section */
		67F5EAF524CB9744004AC740 /* Build configuration list for PBXProject "PokemonGuess" */ = {
			isa = XCConfigurationList;
			buildConfigurations = (
				67F5EAFF24CB9744004AC740 /* Debug */,
				67F5EB0024CB9744004AC740 /* Release */,
			);
			defaultConfigurationIsVisible = 0;
			defaultConfigurationName = Release;
		};
		67F5EB0124CB9744004AC740 /* Build configuration list for PBXNativeTarget "PokemonGuess" */ = {
			isa = XCConfigurationList;
			buildConfigurations = (
				67F5EB0224CB9744004AC740 /* Debug */,
				67F5EB0324CB9744004AC740 /* Release */,
			);
			defaultConfigurationIsVisible = 0;
			defaultConfigurationName = Release;
		};
/* End XCConfigurationList section */
	};
	rootObject = 67F5EAF224CB9744004AC740 /* Project object */;
}
